
Microsoft Visual Studio Solution File, Format Version 12.00
# Visual Studio Version 16
VisualStudioVersion = 16.0.29102.190
MinimumVisualStudioVersion = 10.0.40219.1
Project("{FAE04EC0-301F-11D3-BF4B-00C04F79EFBC}") = "AppOOP", "AppOOP\AppOOP.csproj", "{08F2C504-82BB-47F7-AC40-74925612CB2A}"
EndProject
Global
	GlobalSection(SolutionConfigurationPlatforms) = preSolution
		Debug|Any CPU = Debug|Any CPU
		Release|Any CPU = Release|Any CPU
	EndGlobalSection
	GlobalSection(ProjectConfigurationPlatforms) = postSolution
		{08F2C504-82BB-47F7-AC40-74925612CB2A}.Debug|Any CPU.ActiveCfg = Debug|Any CPU
		{08F2C504-82BB-47F7-AC40-74925612CB2A}.Debug|Any CPU.Build.0 = Debug|Any CPU
		{08F2C504-82BB-47F7-AC40-74925612CB2A}.Release|Any CPU.ActiveCfg = Release|Any CPU
		{08F2C504-82BB-47F7-AC40-74925612CB2A}.Release|Any CPU.Build.0 = Release|Any CPU
	EndGlobalSection
	GlobalSection(SolutionProperties) = preSolution
		HideSolutionNode = FALSE
	EndGlobalSection
	GlobalSection(ExtensibilityGlobals) = postSolution
		SolutionGuid = {277B7653-922C-4171-9CE8-BC319BBA689D}
	EndGlobalSection
EndGlobal
